
Microsoft Visual Studio Solution File, Format Version 12.00
# Visual Studio 15
VisualStudioVersion = 15.0.28307.438
MinimumVisualStudioVersion = 10.0.40219.1
Project("{8BC9CEB8-8B4A-11D0-8D11-00A0C91BC942}") = "DrivingCar", "DriveCar\JustDoIt\JustDoIt.vcxproj", "{EED10038-92F6-430B-A988-BB55F9F80824}"
EndProject
Project("{8BC9CEB8-8B4A-11D0-8D11-00A0C91BC942}") = "MyExplosion", "MyExplosion\MyExplosion.vcxproj", "{323C7297-8383-4F23-9E95-779FD148B8FD}"
EndProject
Project("{8BC9CEB8-8B4A-11D0-8D11-00A0C91BC942}") = "Zproject", "project\project.vcxproj", "{35C5A466-C6CB-4E0B-805E-F0C13FBDD956}"
EndProject
Project("{8BC9CEB8-8B4A-11D0-8D11-00A0C91BC942}") = "openGLtext", "openGLtext\openGLtext.vcxproj", "{DAE4E702-7110-4E3D-87AD-97D13B9E4107}"
EndProject
Project("{8BC9CEB8-8B4A-11D0-8D11-00A0C91BC942}") = "Topographic", "TerrainMap\Lesson34\Lesson34.vcxproj", "{D3CA29A6-AEE4-499D-82D6-0A8A2D473627}"
EndProject
Project("{8BC9CEB8-8B4A-11D0-8D11-00A0C91BC942}") = "FountainWater", "Fountain\FountainWater.vcxproj", "{92967E25-BF80-4C23-80B2-3886EBCB8CFA}"
EndProject
Project("{2150E333-8FDC-42A3-9474-1A3956D46DE8}") = "DesignPatterns", "DesignPatterns", "{A8103179-C669-49E8-B737-1D4B700290EB}"
EndProject
Project("{8BC9CEB8-8B4A-11D0-8D11-00A0C91BC942}") = "Adapter", "DesignPatterns\Adapter\Adapter.vcxproj", "{9CAFD7A0-5530-4028-A3FF-B72B4611DA10}"
EndProject
Project("{8BC9CEB8-8B4A-11D0-8D11-00A0C91BC942}") = "Factory", "DesignPatterns\Simple DP\Simple DP.vcxproj", "{ECCE047E-7D56-43F9-95B7-B2910A7055A1}"
EndProject
Project("{8BC9CEB8-8B4A-11D0-8D11-00A0C91BC942}") = "Bridge", "DesignPatterns\Bridge\Bridge.vcxproj", "{E092FB5F-839E-4EFB-9247-60A0B75FD3A4}"
EndProject
Project("{8BC9CEB8-8B4A-11D0-8D11-00A0C91BC942}") = "Builder", "DesignPatterns\Builder\Builder.vcxproj", "{391F1956-2B13-414A-8C55-FB2289DB83C9}"
EndProject
Project("{8BC9CEB8-8B4A-11D0-8D11-00A0C91BC942}") = "Chain Of Responsibility", "DesignPatterns\Chain Of Responsibility\Chain Of Responsibility.vcxproj", "{08ADB730-C71D-4C59-87A4-BF69B6831FFF}"
EndProject
Project("{8BC9CEB8-8B4A-11D0-8D11-00A0C91BC942}") = "Command", "DesignPatterns\Command\Command.vcxproj", "{E329616D-5918-4E9A-A944-7C911C7C51BC}"
EndProject
Project("{8BC9CEB8-8B4A-11D0-8D11-00A0C91BC942}") = "Composite", "DesignPatterns\Composite\Composite.vcxproj", "{99FE4CDB-0BB1-4254-A780-424DFEC41A85}"
EndProject
Project("{8BC9CEB8-8B4A-11D0-8D11-00A0C91BC942}") = "Decorator", "DesignPatterns\Decorator\Decorator.vcxproj", "{A500CD87-BC58-4C28-9ACA-325B742FDF11}"
EndProject
Project("{8BC9CEB8-8B4A-11D0-8D11-00A0C91BC942}") = "Facade", "DesignPatterns\Facade\Facade.vcxproj", "{1A8FD873-7980-46E1-82D4-8183D3513AE9}"
EndProject
Project("{8BC9CEB8-8B4A-11D0-8D11-00A0C91BC942}") = "FlyWeight", "DesignPatterns\FlyWeight\FlyWeight.vcxproj", "{B8DC220A-B66E-498A-B750-C58377E4EF83}"
EndProject
Project("{8BC9CEB8-8B4A-11D0-8D11-00A0C91BC942}") = "Iterator", "DesignPatterns\Iterator\Iterator.vcxproj", "{5226105A-7313-4C27-8BED-3057C7805756}"
EndProject
Project("{8BC9CEB8-8B4A-11D0-8D11-00A0C91BC942}") = "Mediator", "DesignPatterns\Mediator\Mediator.vcxproj", "{0527ECCB-E3D9-4FB0-ADB7-9EBAE3559564}"
EndProject
Project("{8BC9CEB8-8B4A-11D0-8D11-00A0C91BC942}") = "Memento", "DesignPatterns\Memento\Memento.vcxproj", "{BE73B511-6AC3-4E6A-95E1-A3CB77B292D7}"
EndProject
Project("{8BC9CEB8-8B4A-11D0-8D11-00A0C91BC942}") = "Observer", "DesignPatterns\Observer\Observer.vcxproj", "{C2CEA6DE-831F-4576-97D6-FD92D72386E6}"
EndProject
Project("{8BC9CEB8-8B4A-11D0-8D11-00A0C91BC942}") = "Prototype", "DesignPatterns\Prototype\Prototype.vcxproj", "{C58DB5A0-F8A5-4909-BD30-7A102F14E0E0}"
EndProject
Project("{8BC9CEB8-8B4A-11D0-8D11-00A0C91BC942}") = "Proxy", "DesignPatterns\Proxy\Proxy.vcxproj", "{951876B9-63BC-4A37-804B-32EEC2E5D119}"
EndProject
Project("{8BC9CEB8-8B4A-11D0-8D11-00A0C91BC942}") = "Singleton", "DesignPatterns\Singleton\Singleton.vcxproj", "{A9B3541A-02DF-49A2-94EF-4D641525D5A4}"
EndProject
Project("{8BC9CEB8-8B4A-11D0-8D11-00A0C91BC942}") = "Strategy", "DesignPatterns\Strategy\Strategy.vcxproj", "{303A2E1B-3289-4DDC-A0E1-0A24520ADDFF}"
EndProject
Project("{8BC9CEB8-8B4A-11D0-8D11-00A0C91BC942}") = "TemplateMethod", "DesignPatterns\TemplateMethod\TemplateMethod.vcxproj", "{39684477-C89F-41E0-B5B0-736BE9BD09BF}"
EndProject
Project("{8BC9CEB8-8B4A-11D0-8D11-00A0C91BC942}") = "Visitor", "DesignPatterns\Visitor\Visitor.vcxproj", "{B05AD06F-F3CD-4285-92DA-4B3B9058B2BF}"
EndProject
Global
	GlobalSection(SolutionConfigurationPlatforms) = preSolution
		Debug|x64 = Debug|x64
		Debug|x86 = Debug|x86
		Release|x64 = Release|x64
		Release|x86 = Release|x86
	EndGlobalSection
	GlobalSection(ProjectConfigurationPlatforms) = postSolution
		{EED10038-92F6-430B-A988-BB55F9F80824}.Debug|x64.ActiveCfg = Debug|Win32
		{EED10038-92F6-430B-A988-BB55F9F80824}.Debug|x86.ActiveCfg = Debug|Win32
		{EED10038-92F6-430B-A988-BB55F9F80824}.Debug|x86.Build.0 = Debug|Win32
		{EED10038-92F6-430B-A988-BB55F9F80824}.Release|x64.ActiveCfg = Release|Win32
		{EED10038-92F6-430B-A988-BB55F9F80824}.Release|x86.ActiveCfg = Release|Win32
		{EED10038-92F6-430B-A988-BB55F9F80824}.Release|x86.Build.0 = Release|Win32
		{323C7297-8383-4F23-9E95-779FD148B8FD}.Debug|x64.ActiveCfg = Debug|Win32
		{323C7297-8383-4F23-9E95-779FD148B8FD}.Debug|x86.ActiveCfg = Debug|Win32
		{323C7297-8383-4F23-9E95-779FD148B8FD}.Debug|x86.Build.0 = Debug|Win32
		{323C7297-8383-4F23-9E95-779FD148B8FD}.Release|x64.ActiveCfg = Release|Win32
		{323C7297-8383-4F23-9E95-779FD148B8FD}.Release|x86.ActiveCfg = Release|Win32
		{323C7297-8383-4F23-9E95-779FD148B8FD}.Release|x86.Build.0 = Release|Win32
		{35C5A466-C6CB-4E0B-805E-F0C13FBDD956}.Debug|x64.ActiveCfg = Debug|x64
		{35C5A466-C6CB-4E0B-805E-F0C13FBDD956}.Debug|x64.Build.0 = Debug|x64
		{35C5A466-C6CB-4E0B-805E-F0C13FBDD956}.Debug|x86.ActiveCfg = Debug|Win32
		{35C5A466-C6CB-4E0B-805E-F0C13FBDD956}.Debug|x86.Build.0 = Debug|Win32
		{35C5A466-C6CB-4E0B-805E-F0C13FBDD956}.Release|x64.ActiveCfg = Release|x64
		{35C5A466-C6CB-4E0B-805E-F0C13FBDD956}.Release|x64.Build.0 = Release|x64
		{35C5A466-C6CB-4E0B-805E-F0C13FBDD956}.Release|x86.ActiveCfg = Release|Win32
		{35C5A466-C6CB-4E0B-805E-F0C13FBDD956}.Release|x86.Build.0 = Release|Win32
		{DAE4E702-7110-4E3D-87AD-97D13B9E4107}.Debug|x64.ActiveCfg = Debug|Win32
		{DAE4E702-7110-4E3D-87AD-97D13B9E4107}.Debug|x86.ActiveCfg = Debug|Win32
		{DAE4E702-7110-4E3D-87AD-97D13B9E4107}.Debug|x86.Build.0 = Debug|Win32
		{DAE4E702-7110-4E3D-87AD-97D13B9E4107}.Release|x64.ActiveCfg = Release|Win32
		{DAE4E702-7110-4E3D-87AD-97D13B9E4107}.Release|x86.ActiveCfg = Release|Win32
		{DAE4E702-7110-4E3D-87AD-97D13B9E4107}.Release|x86.Build.0 = Release|Win32
		{D3CA29A6-AEE4-499D-82D6-0A8A2D473627}.Debug|x64.ActiveCfg = Debug|Win32
		{D3CA29A6-AEE4-499D-82D6-0A8A2D473627}.Debug|x86.ActiveCfg = Debug|Win32
		{D3CA29A6-AEE4-499D-82D6-0A8A2D473627}.Debug|x86.Build.0 = Debug|Win32
		{D3CA29A6-AEE4-499D-82D6-0A8A2D473627}.Release|x64.ActiveCfg = Release|Win32
		{D3CA29A6-AEE4-499D-82D6-0A8A2D473627}.Release|x86.ActiveCfg = Release|Win32
		{D3CA29A6-AEE4-499D-82D6-0A8A2D473627}.Release|x86.Build.0 = Release|Win32
		{92967E25-BF80-4C23-80B2-3886EBCB8CFA}.Debug|x64.ActiveCfg = Debug|Win32
		{92967E25-BF80-4C23-80B2-3886EBCB8CFA}.Debug|x86.ActiveCfg = Debug|Win32
		{92967E25-BF80-4C23-80B2-3886EBCB8CFA}.Debug|x86.Build.0 = Debug|Win32
		{92967E25-BF80-4C23-80B2-3886EBCB8CFA}.Release|x64.ActiveCfg = Release|Win32
		{92967E25-BF80-4C23-80B2-3886EBCB8CFA}.Release|x86.ActiveCfg = Release|Win32
		{92967E25-BF80-4C23-80B2-3886EBCB8CFA}.Release|x86.Build.0 = Release|Win32
		{9CAFD7A0-5530-4028-A3FF-B72B4611DA10}.Debug|x64.ActiveCfg = Debug|Win32
		{9CAFD7A0-5530-4028-A3FF-B72B4611DA10}.Debug|x86.ActiveCfg = Debug|Win32
		{9CAFD7A0-5530-4028-A3FF-B72B4611DA10}.Debug|x86.Build.0 = Debug|Win32
		{9CAFD7A0-5530-4028-A3FF-B72B4611DA10}.Release|x64.ActiveCfg = Release|Win32
		{9CAFD7A0-5530-4028-A3FF-B72B4611DA10}.Release|x86.ActiveCfg = Release|Win32
		{9CAFD7A0-5530-4028-A3FF-B72B4611DA10}.Release|x86.Build.0 = Release|Win32
		{ECCE047E-7D56-43F9-95B7-B2910A7055A1}.Debug|x64.ActiveCfg = Debug|Win32
		{ECCE047E-7D56-43F9-95B7-B2910A7055A1}.Debug|x86.ActiveCfg = Debug|Win32
		{ECCE047E-7D56-43F9-95B7-B2910A7055A1}.Debug|x86.Build.0 = Debug|Win32
		{ECCE047E-7D56-43F9-95B7-B2910A7055A1}.Release|x64.ActiveCfg = Release|Win32
		{ECCE047E-7D56-43F9-95B7-B2910A7055A1}.Release|x86.ActiveCfg = Release|Win32
		{ECCE047E-7D56-43F9-95B7-B2910A7055A1}.Release|x86.Build.0 = Release|Win32
		{E092FB5F-839E-4EFB-9247-60A0B75FD3A4}.Debug|x64.ActiveCfg = Debug|Win32
		{E092FB5F-839E-4EFB-9247-60A0B75FD3A4}.Debug|x86.ActiveCfg = Debug|Win32
		{E092FB5F-839E-4EFB-9247-60A0B75FD3A4}.Debug|x86.Build.0 = Debug|Win32
		{E092FB5F-839E-4EFB-9247-60A0B75FD3A4}.Release|x64.ActiveCfg = Release|Win32
		{E092FB5F-839E-4EFB-9247-60A0B75FD3A4}.Release|x86.ActiveCfg = Release|Win32
		{E092FB5F-839E-4EFB-9247-60A0B75FD3A4}.Release|x86.Build.0 = Release|Win32
		{391F1956-2B13-414A-8C55-FB2289DB83C9}.Debug|x64.ActiveCfg = Debug|Win32
		{391F1956-2B13-414A-8C55-FB2289DB83C9}.Debug|x86.ActiveCfg = Debug|Win32
		{391F1956-2B13-414A-8C55-FB2289DB83C9}.Debug|x86.Build.0 = Debug|Win32
		{391F1956-2B13-414A-8C55-FB2289DB83C9}.Release|x64.ActiveCfg = Release|Win32
		{391F1956-2B13-414A-8C55-FB2289DB83C9}.Release|x86.ActiveCfg = Release|Win32
		{391F1956-2B13-414A-8C55-FB2289DB83C9}.Release|x86.Build.0 = Release|Win32
		{08ADB730-C71D-4C59-87A4-BF69B6831FFF}.Debug|x64.ActiveCfg = Debug|Win32
		{08ADB730-C71D-4C59-87A4-BF69B6831FFF}.Debug|x86.ActiveCfg = Debug|Win32
		{08ADB730-C71D-4C59-87A4-BF69B6831FFF}.Debug|x86.Build.0 = Debug|Win32
		{08ADB730-C71D-4C59-87A4-BF69B6831FFF}.Release|x64.ActiveCfg = Release|Win32
		{08ADB730-C71D-4C59-87A4-BF69B6831FFF}.Release|x86.ActiveCfg = Release|Win32
		{08ADB730-C71D-4C59-87A4-BF69B6831FFF}.Release|x86.Build.0 = Release|Win32
		{E329616D-5918-4E9A-A944-7C911C7C51BC}.Debug|x64.ActiveCfg = Debug|Win32
		{E329616D-5918-4E9A-A944-7C911C7C51BC}.Debug|x86.ActiveCfg = Debug|Win32
		{E329616D-5918-4E9A-A944-7C911C7C51BC}.Debug|x86.Build.0 = Debug|Win32
		{E329616D-5918-4E9A-A944-7C911C7C51BC}.Release|x64.ActiveCfg = Release|Win32
		{E329616D-5918-4E9A-A944-7C911C7C51BC}.Release|x86.ActiveCfg = Release|Win32
		{E329616D-5918-4E9A-A944-7C911C7C51BC}.Release|x86.Build.0 = Release|Win32
		{99FE4CDB-0BB1-4254-A780-424DFEC41A85}.Debug|x64.ActiveCfg = Debug|Win32
		{99FE4CDB-0BB1-4254-A780-424DFEC41A85}.Debug|x86.ActiveCfg = Debug|Win32
		{99FE4CDB-0BB1-4254-A780-424DFEC41A85}.Debug|x86.Build.0 = Debug|Win32
		{99FE4CDB-0BB1-4254-A780-424DFEC41A85}.Release|x64.ActiveCfg = Release|Win32
		{99FE4CDB-0BB1-4254-A780-424DFEC41A85}.Release|x86.ActiveCfg = Release|Win32
		{99FE4CDB-0BB1-4254-A780-424DFEC41A85}.Release|x86.Build.0 = Release|Win32
		{A500CD87-BC58-4C28-9ACA-325B742FDF11}.Debug|x64.ActiveCfg = Debug|Win32
		{A500CD87-BC58-4C28-9ACA-325B742FDF11}.Debug|x86.ActiveCfg = Debug|Win32
		{A500CD87-BC58-4C28-9ACA-325B742FDF11}.Debug|x86.Build.0 = Debug|Win32
		{A500CD87-BC58-4C28-9ACA-325B742FDF11}.Release|x64.ActiveCfg = Release|Win32
		{A500CD87-BC58-4C28-9ACA-325B742FDF11}.Release|x86.ActiveCfg = Release|Win32
		{A500CD87-BC58-4C28-9ACA-325B742FDF11}.Release|x86.Build.0 = Release|Win32
		{1A8FD873-7980-46E1-82D4-8183D3513AE9}.Debug|x64.ActiveCfg = Debug|Win32
		{1A8FD873-7980-46E1-82D4-8183D3513AE9}.Debug|x86.ActiveCfg = Debug|Win32
		{1A8FD873-7980-46E1-82D4-8183D3513AE9}.Debug|x86.Build.0 = Debug|Win32
		{1A8FD873-7980-46E1-82D4-8183D3513AE9}.Release|x64.ActiveCfg = Release|Win32
		{1A8FD873-7980-46E1-82D4-8183D3513AE9}.Release|x86.ActiveCfg = Release|Win32
		{1A8FD873-7980-46E1-82D4-8183D3513AE9}.Release|x86.Build.0 = Release|Win32
		{B8DC220A-B66E-498A-B750-C58377E4EF83}.Debug|x64.ActiveCfg = Debug|Win32
		{B8DC220A-B66E-498A-B750-C58377E4EF83}.Debug|x86.ActiveCfg = Debug|Win32
		{B8DC220A-B66E-498A-B750-C58377E4EF83}.Debug|x86.Build.0 = Debug|Win32
		{B8DC220A-B66E-498A-B750-C58377E4EF83}.Release|x64.ActiveCfg = Release|Win32
		{B8DC220A-B66E-498A-B750-C58377E4EF83}.Release|x86.ActiveCfg = Release|Win32
		{B8DC220A-B66E-498A-B750-C58377E4EF83}.Release|x86.Build.0 = Release|Win32
		{5226105A-7313-4C27-8BED-3057C7805756}.Debug|x64.ActiveCfg = Debug|Win32
		{5226105A-7313-4C27-8BED-3057C7805756}.Debug|x86.ActiveCfg = Debug|Win32
		{5226105A-7313-4C27-8BED-3057C7805756}.Debug|x86.Build.0 = Debug|Win32
		{5226105A-7313-4C27-8BED-3057C7805756}.Release|x64.ActiveCfg = Release|Win32
		{5226105A-7313-4C27-8BED-3057C7805756}.Release|x86.ActiveCfg = Release|Win32
		{5226105A-7313-4C27-8BED-3057C7805756}.Release|x86.Build.0 = Release|Win32
		{0527ECCB-E3D9-4FB0-ADB7-9EBAE3559564}.Debug|x64.ActiveCfg = Debug|Win32
		{0527ECCB-E3D9-4FB0-ADB7-9EBAE3559564}.Debug|x86.ActiveCfg = Debug|Win32
		{0527ECCB-E3D9-4FB0-ADB7-9EBAE3559564}.Debug|x86.Build.0 = Debug|Win32
		{0527ECCB-E3D9-4FB0-ADB7-9EBAE3559564}.Release|x64.ActiveCfg = Release|Win32
		{0527ECCB-E3D9-4FB0-ADB7-9EBAE3559564}.Release|x86.ActiveCfg = Release|Win32
		{0527ECCB-E3D9-4FB0-ADB7-9EBAE3559564}.Release|x86.Build.0 = Release|Win32
		{BE73B511-6AC3-4E6A-95E1-A3CB77B292D7}.Debug|x64.ActiveCfg = Debug|Win32
		{BE73B511-6AC3-4E6A-95E1-A3CB77B292D7}.Debug|x86.ActiveCfg = Debug|Win32
		{BE73B511-6AC3-4E6A-95E1-A3CB77B292D7}.Debug|x86.Build.0 = Debug|Win32
		{BE73B511-6AC3-4E6A-95E1-A3CB77B292D7}.Release|x64.ActiveCfg = Release|Win32
		{BE73B511-6AC3-4E6A-95E1-A3CB77B292D7}.Release|x86.ActiveCfg = Release|Win32
		{BE73B511-6AC3-4E6A-95E1-A3CB77B292D7}.Release|x86.Build.0 = Release|Win32
		{C2CEA6DE-831F-4576-97D6-FD92D72386E6}.Debug|x64.ActiveCfg = Debug|Win32
		{C2CEA6DE-831F-4576-97D6-FD92D72386E6}.Debug|x86.ActiveCfg = Debug|Win32
		{C2CEA6DE-831F-4576-97D6-FD92D72386E6}.Debug|x86.Build.0 = Debug|Win32
		{C2CEA6DE-831F-4576-97D6-FD92D72386E6}.Release|x64.ActiveCfg = Release|Win32
		{C2CEA6DE-831F-4576-97D6-FD92D72386E6}.Release|x86.ActiveCfg = Release|Win32
		{C2CEA6DE-831F-4576-97D6-FD92D72386E6}.Release|x86.Build.0 = Release|Win32
		{C58DB5A0-F8A5-4909-BD30-7A102F14E0E0}.Debug|x64.ActiveCfg = Debug|Win32
		{C58DB5A0-F8A5-4909-BD30-7A102F14E0E0}.Debug|x86.ActiveCfg = Debug|Win32
		{C58DB5A0-F8A5-4909-BD30-7A102F14E0E0}.Debug|x86.Build.0 = Debug|Win32
		{C58DB5A0-F8A5-4909-BD30-7A102F14E0E0}.Release|x64.ActiveCfg = Release|Win32
		{C58DB5A0-F8A5-4909-BD30-7A102F14E0E0}.Release|x86.ActiveCfg = Release|Win32
		{C58DB5A0-F8A5-4909-BD30-7A102F14E0E0}.Release|x86.Build.0 = Release|Win32
		{951876B9-63BC-4A37-804B-32EEC2E5D119}.Debug|x64.ActiveCfg = Debug|Win32
		{951876B9-63BC-4A37-804B-32EEC2E5D119}.Debug|x86.ActiveCfg = Debug|Win32
		{951876B9-63BC-4A37-804B-32EEC2E5D119}.Debug|x86.Build.0 = Debug|Win32
		{951876B9-63BC-4A37-804B-32EEC2E5D119}.Release|x64.ActiveCfg = Release|Win32
		{951876B9-63BC-4A37-804B-32EEC2E5D119}.Release|x86.ActiveCfg = Release|Win32
		{951876B9-63BC-4A37-804B-32EEC2E5D119}.Release|x86.Build.0 = Release|Win32
		{A9B3541A-02DF-49A2-94EF-4D641525D5A4}.Debug|x64.ActiveCfg = Debug|Win32
		{A9B3541A-02DF-49A2-94EF-4D641525D5A4}.Debug|x86.ActiveCfg = Debug|Win32
		{A9B3541A-02DF-49A2-94EF-4D641525D5A4}.Debug|x86.Build.0 = Debug|Win32
		{A9B3541A-02DF-49A2-94EF-4D641525D5A4}.Release|x64.ActiveCfg = Release|Win32
		{A9B3541A-02DF-49A2-94EF-4D641525D5A4}.Release|x86.ActiveCfg = Release|Win32
		{A9B3541A-02DF-49A2-94EF-4D641525D5A4}.Release|x86.Build.0 = Release|Win32
		{303A2E1B-3289-4DDC-A0E1-0A24520ADDFF}.Debug|x64.ActiveCfg = Debug|Win32
		{303A2E1B-3289-4DDC-A0E1-0A24520ADDFF}.Debug|x86.ActiveCfg = Debug|Win32
		{303A2E1B-3289-4DDC-A0E1-0A24520ADDFF}.Debug|x86.Build.0 = Debug|Win32
		{303A2E1B-3289-4DDC-A0E1-0A24520ADDFF}.Release|x64.ActiveCfg = Release|Win32
		{303A2E1B-3289-4DDC-A0E1-0A24520ADDFF}.Release|x86.ActiveCfg = Release|Win32
		{303A2E1B-3289-4DDC-A0E1-0A24520ADDFF}.Release|x86.Build.0 = Release|Win32
		{39684477-C89F-41E0-B5B0-736BE9BD09BF}.Debug|x64.ActiveCfg = Debug|Win32
		{39684477-C89F-41E0-B5B0-736BE9BD09BF}.Debug|x86.ActiveCfg = Debug|Win32
		{39684477-C89F-41E0-B5B0-736BE9BD09BF}.Debug|x86.Build.0 = Debug|Win32
		{39684477-C89F-41E0-B5B0-736BE9BD09BF}.Release|x64.ActiveCfg = Release|Win32
		{39684477-C89F-41E0-B5B0-736BE9BD09BF}.Release|x86.ActiveCfg = Release|Win32
		{39684477-C89F-41E0-B5B0-736BE9BD09BF}.Release|x86.Build.0 = Release|Win32
		{B05AD06F-F3CD-4285-92DA-4B3B9058B2BF}.Debug|x64.ActiveCfg = Debug|Win32
		{B05AD06F-F3CD-4285-92DA-4B3B9058B2BF}.Debug|x86.ActiveCfg = Debug|Win32
		{B05AD06F-F3CD-4285-92DA-4B3B9058B2BF}.Debug|x86.Build.0 = Debug|Win32
		{B05AD06F-F3CD-4285-92DA-4B3B9058B2BF}.Release|x64.ActiveCfg = Release|Win32
		{B05AD06F-F3CD-4285-92DA-4B3B9058B2BF}.Release|x86.ActiveCfg = Release|Win32
		{B05AD06F-F3CD-4285-92DA-4B3B9058B2BF}.Release|x86.Build.0 = Release|Win32
	EndGlobalSection
	GlobalSection(SolutionProperties) = preSolution
		HideSolutionNode = FALSE
	EndGlobalSection
	GlobalSection(NestedProjects) = preSolution
		{9CAFD7A0-5530-4028-A3FF-B72B4611DA10} = {A8103179-C669-49E8-B737-1D4B700290EB}
		{ECCE047E-7D56-43F9-95B7-B2910A7055A1} = {A8103179-C669-49E8-B737-1D4B700290EB}
		{E092FB5F-839E-4EFB-9247-60A0B75FD3A4} = {A8103179-C669-49E8-B737-1D4B700290EB}
		{391F1956-2B13-414A-8C55-FB2289DB83C9} = {A8103179-C669-49E8-B737-1D4B700290EB}
		{08ADB730-C71D-4C59-87A4-BF69B6831FFF} = {A8103179-C669-49E8-B737-1D4B700290EB}
		{E329616D-5918-4E9A-A944-7C911C7C51BC} = {A8103179-C669-49E8-B737-1D4B700290EB}
		{99FE4CDB-0BB1-4254-A780-424DFEC41A85} = {A8103179-C669-49E8-B737-1D4B700290EB}
		{A500CD87-BC58-4C28-9ACA-325B742FDF11} = {A8103179-C669-49E8-B737-1D4B700290EB}
		{1A8FD873-7980-46E1-82D4-8183D3513AE9} = {A8103179-C669-49E8-B737-1D4B700290EB}
		{B8DC220A-B66E-498A-B750-C58377E4EF83} = {A8103179-C669-49E8-B737-1D4B700290EB}
		{5226105A-7313-4C27-8BED-3057C7805756} = {A8103179-C669-49E8-B737-1D4B700290EB}
		{0527ECCB-E3D9-4FB0-ADB7-9EBAE3559564} = {A8103179-C669-49E8-B737-1D4B700290EB}
		{BE73B511-6AC3-4E6A-95E1-A3CB77B292D7} = {A8103179-C669-49E8-B737-1D4B700290EB}
		{C2CEA6DE-831F-4576-97D6-FD92D72386E6} = {A8103179-C669-49E8-B737-1D4B700290EB}
		{C58DB5A0-F8A5-4909-BD30-7A102F14E0E0} = {A8103179-C669-49E8-B737-1D4B700290EB}
		{951876B9-63BC-4A37-804B-32EEC2E5D119} = {A8103179-C669-49E8-B737-1D4B700290EB}
		{A9B3541A-02DF-49A2-94EF-4D641525D5A4} = {A8103179-C669-49E8-B737-1D4B700290EB}
		{303A2E1B-3289-4DDC-A0E1-0A24520ADDFF} = {A8103179-C669-49E8-B737-1D4B700290EB}
		{39684477-C89F-41E0-B5B0-736BE9BD09BF} = {A8103179-C669-49E8-B737-1D4B700290EB}
		{B05AD06F-F3CD-4285-92DA-4B3B9058B2BF} = {A8103179-C669-49E8-B737-1D4B700290EB}
	EndGlobalSection
	GlobalSection(ExtensibilityGlobals) = postSolution
		SolutionGuid = {EEE47934-F0CC-4C0A-8736-B05A691589AA}
	EndGlobalSection
EndGlobal
