
Microsoft Visual Studio Solution File, Format Version 12.00
# Visual Studio 15
VisualStudioVersion = 15.0.28307.438
MinimumVisualStudioVersion = 10.0.40219.1
Project("{8BC9CEB8-8B4A-11D0-8D11-00A0C91BC942}") = "MyExplosion", "MyExplosion.vcxproj", "{C7DB73BC-EB83-445A-994E-E40542D9AC31}"
EndProject
Global
	GlobalSection(SolutionConfigurationPlatforms) = preSolution
		Debug|x86 = Debug|x86
		Release|x86 = Release|x86
	EndGlobalSection
	GlobalSection(ProjectConfigurationPlatforms) = postSolution
		{C7DB73BC-EB83-445A-994E-E40542D9AC31}.Debug|x86.ActiveCfg = Debug|Win32
		{C7DB73BC-EB83-445A-994E-E40542D9AC31}.Debug|x86.Build.0 = Debug|Win32
		{C7DB73BC-EB83-445A-994E-E40542D9AC31}.Release|x86.ActiveCfg = Release|Win32
		{C7DB73BC-EB83-445A-994E-E40542D9AC31}.Release|x86.Build.0 = Release|Win32
	EndGlobalSection
	GlobalSection(SolutionProperties) = preSolution
		HideSolutionNode = FALSE
	EndGlobalSection
	GlobalSection(ExtensibilityGlobals) = postSolution
		SolutionGuid = {EACA5050-7B3D-4626-9C6E-E78C81B2CE6B}
	EndGlobalSection
EndGlobal
