<?xml version="1.0" encoding="utf-8"?>
<Project ToolsVersion="4.0" xmlns="http://schemas.microsoft.com/developer/msbuild/2003">
  <ItemGroup>
    <Filter Include="源文件">
      <UniqueIdentifier>{4FC737F1-C7A5-4376-A066-2A32D752A2FF}</UniqueIdentifier>
      <Extensions>cpp;c;cc;cxx;def;odl;idl;hpj;bat;asm;asmx</Extensions>
    </Filter>
    <Filter Include="头文件">
      <UniqueIdentifier>{93995380-89BD-4b04-88EB-625FBE52EBFB}</UniqueIdentifier>
      <Extensions>h;hh;hpp;hxx;hm;inl;inc;ipp;xsd</Extensions>
    </Filter>
    <Filter Include="资源文件">
      <UniqueIdentifier>{67DA6AB6-F800-4c08-8B7A-83BB121AAD01}</UniqueIdentifier>
      <Extensions>rc;ico;cur;bmp;dlg;rc2;rct;bin;rgs;gif;jpg;jpeg;jpe;resx;tiff;tif;png;wav;mfcribbon-ms</Extensions>
    </Filter>
    <Filter Include="DataStructure">
      <UniqueIdentifier>{4c059f23-ecdb-45ba-865a-8b54f4808cfc}</UniqueIdentifier>
    </Filter>
  </ItemGroup>
  <ItemGroup>
    <ClInclude Include="pch.h">
      <Filter>头文件</Filter>
    </ClInclude>
    <ClInclude Include="Smart_pointer.h">
      <Filter>头文件</Filter>
    </ClInclude>
    <ClInclude Include="LinearList.h">
      <Filter>DataStructure</Filter>
    </ClInclude>
    <ClInclude Include="HashTable.h">
      <Filter>DataStructure</Filter>
    </ClInclude>
    <ClInclude Include="SortingAlgorithm.h">
      <Filter>DataStructure</Filter>
    </ClInclude>
    <ClInclude Include="Tree.h">
      <Filter>DataStructure</Filter>
    </ClInclude>
    <ClInclude Include="Map.h">
      <Filter>DataStructure</Filter>
    </ClInclude>
    <ClInclude Include="StringMatching.h">
      <Filter>DataStructure</Filter>
    </ClInclude>
    <ClInclude Include="NumberTheory.h">
      <Filter>DataStructure</Filter>
    </ClInclude>
    <ClInclude Include="ComputationGeometry.h">
      <Filter>DataStructure</Filter>
    </ClInclude>
    <ClInclude Include="BasicAlgorithmIdea.h">
      <Filter>DataStructure</Filter>
    </ClInclude>
    <ClInclude Include="ProbabilityAnalysis.h">
      <Filter>DataStructure</Filter>
    </ClInclude>
    <ClInclude Include="TopologicalNetwork.h">
      <Filter>DataStructure</Filter>
    </ClInclude>
    <ClInclude Include="MatrixOperation.h">
      <Filter>DataStructure</Filter>
    </ClInclude>
    <ClInclude Include="LinearProgramming.h">
      <Filter>DataStructure</Filter>
    </ClInclude>
    <ClInclude Include="Node.h">
      <Filter>DataStructure</Filter>
    </ClInclude>
  </ItemGroup>
  <ItemGroup>
    <ClCompile Include="pch.cpp">
      <Filter>源文件</Filter>
    </ClCompile>
    <ClCompile Include="Main.cpp">
      <Filter>源文件</Filter>
    </ClCompile>
    <ClCompile Include="LinearList.cpp">
      <Filter>DataStructure</Filter>
    </ClCompile>
    <ClCompile Include="HashTable.cpp">
      <Filter>DataStructure</Filter>
    </ClCompile>
  </ItemGroup>
</Project>