
Microsoft Visual Studio Solution File, Format Version 12.00
# Visual Studio 15
VisualStudioVersion = 15.0.28307.438
MinimumVisualStudioVersion = 10.0.40219.1
Project("{8BC9CEB8-8B4A-11D0-8D11-00A0C91BC942}") = "Lesson34", "Lesson34.vcxproj", "{D3CA29A6-AEE4-499D-82D6-0A8A2D473627}"
EndProject
Global
	GlobalSection(SolutionConfigurationPlatforms) = preSolution
		Debug|x86 = Debug|x86
		Release|x86 = Release|x86
	EndGlobalSection
	GlobalSection(ProjectConfigurationPlatforms) = postSolution
		{D3CA29A6-AEE4-499D-82D6-0A8A2D473627}.Debug|x86.ActiveCfg = Debug|Win32
		{D3CA29A6-AEE4-499D-82D6-0A8A2D473627}.Debug|x86.Build.0 = Debug|Win32
		{D3CA29A6-AEE4-499D-82D6-0A8A2D473627}.Release|x86.ActiveCfg = Release|Win32
		{D3CA29A6-AEE4-499D-82D6-0A8A2D473627}.Release|x86.Build.0 = Release|Win32
	EndGlobalSection
	GlobalSection(SolutionProperties) = preSolution
		HideSolutionNode = FALSE
	EndGlobalSection
	GlobalSection(ExtensibilityGlobals) = postSolution
		SolutionGuid = {06E1BA4C-857C-43CC-8C50-9F564FC71A93}
	EndGlobalSection
EndGlobal
